
Microsoft Visual Studio Solution File, Format Version 12.00
# Visual Studio Version 17
VisualStudioVersion = 17.7.34018.315
MinimumVisualStudioVersion = 10.0.40219.1
Project("{FAE04EC0-301F-11D3-BF4B-00C04F79EFBC}") = "Modelo3DWeb", "Modelo3DWeb\Modelo3DWeb.csproj", "{383A0B3E-363E-4F20-82C6-150C1AD202AB}"
EndProject
Global
	GlobalSection(SolutionConfigurationPlatforms) = preSolution
		Debug|Any CPU = Debug|Any CPU
		Release|Any CPU = Release|Any CPU
	EndGlobalSection
	GlobalSection(ProjectConfigurationPlatforms) = postSolution
		{383A0B3E-363E-4F20-82C6-150C1AD202AB}.Debug|Any CPU.ActiveCfg = Debug|Any CPU
		{383A0B3E-363E-4F20-82C6-150C1AD202AB}.Debug|Any CPU.Build.0 = Debug|Any CPU
		{383A0B3E-363E-4F20-82C6-150C1AD202AB}.Release|Any CPU.ActiveCfg = Release|Any CPU
		{383A0B3E-363E-4F20-82C6-150C1AD202AB}.Release|Any CPU.Build.0 = Release|Any CPU
	EndGlobalSection
	GlobalSection(SolutionProperties) = preSolution
		HideSolutionNode = FALSE
	EndGlobalSection
	GlobalSection(ExtensibilityGlobals) = postSolution
		SolutionGuid = {CE54918F-3FA6-454A-87BD-5F91249539EA}
	EndGlobalSection
EndGlobal
